
Microsoft Visual Studio Solution File, Format Version 12.00
# Visual Studio 2013
VisualStudioVersion = 12.0.40629.0
MinimumVisualStudioVersion = 10.0.40219.1
Project("{8BC9CEB8-8B4A-11D0-8D11-00A0C91BC942}") = "IoTimerTest", "IoTimerTest\IoTimerTest.vcxproj", "{2116A748-3FC8-4494-8F7A-B73548659757}"
EndProject
Project("{8BC9CEB8-8B4A-11D0-8D11-00A0C91BC942}") = "IoTimerTest Package", "IoTimerTest Package\IoTimerTest Package.vcxproj", "{C2B705C7-EFB1-4A49-A8F6-673F603DB8E5}"
	ProjectSection(ProjectDependencies) = postProject
		{2116A748-3FC8-4494-8F7A-B73548659757} = {2116A748-3FC8-4494-8F7A-B73548659757}
	EndProjectSection
EndProject
Project("{8BC9CEB8-8B4A-11D0-8D11-00A0C91BC942}") = "Test_iotimer", "Test_iotimer\Test_iotimer.vcxproj", "{C9CEF43B-C5D9-4D29-BFC3-F61CD0CC3F71}"
EndProject
Global
	GlobalSection(SolutionConfigurationPlatforms) = preSolution
		Debug|Win32 = Debug|Win32
		Debug|x64 = Debug|x64
		Release|Win32 = Release|Win32
		Release|x64 = Release|x64
		Win7 Debug|Win32 = Win7 Debug|Win32
		Win7 Debug|x64 = Win7 Debug|x64
		Win7 Release|Win32 = Win7 Release|Win32
		Win7 Release|x64 = Win7 Release|x64
		Win8 Debug|Win32 = Win8 Debug|Win32
		Win8 Debug|x64 = Win8 Debug|x64
		Win8 Release|Win32 = Win8 Release|Win32
		Win8 Release|x64 = Win8 Release|x64
		Win8.1 Debug|Win32 = Win8.1 Debug|Win32
		Win8.1 Debug|x64 = Win8.1 Debug|x64
		Win8.1 Release|Win32 = Win8.1 Release|Win32
		Win8.1 Release|x64 = Win8.1 Release|x64
	EndGlobalSection
	GlobalSection(ProjectConfigurationPlatforms) = postSolution
		{2116A748-3FC8-4494-8F7A-B73548659757}.Debug|Win32.ActiveCfg = Win8.1 Debug|Win32
		{2116A748-3FC8-4494-8F7A-B73548659757}.Debug|Win32.Build.0 = Win8.1 Debug|Win32
		{2116A748-3FC8-4494-8F7A-B73548659757}.Debug|Win32.Deploy.0 = Win8.1 Debug|Win32
		{2116A748-3FC8-4494-8F7A-B73548659757}.Debug|x64.ActiveCfg = Win8.1 Debug|x64
		{2116A748-3FC8-4494-8F7A-B73548659757}.Debug|x64.Build.0 = Win8.1 Debug|x64
		{2116A748-3FC8-4494-8F7A-B73548659757}.Debug|x64.Deploy.0 = Win8.1 Debug|x64
		{2116A748-3FC8-4494-8F7A-B73548659757}.Release|Win32.ActiveCfg = Win8.1 Release|Win32
		{2116A748-3FC8-4494-8F7A-B73548659757}.Release|Win32.Build.0 = Win8.1 Release|Win32
		{2116A748-3FC8-4494-8F7A-B73548659757}.Release|Win32.Deploy.0 = Win8.1 Release|Win32
		{2116A748-3FC8-4494-8F7A-B73548659757}.Release|x64.ActiveCfg = Win8.1 Release|x64
		{2116A748-3FC8-4494-8F7A-B73548659757}.Release|x64.Build.0 = Win8.1 Release|x64
		{2116A748-3FC8-4494-8F7A-B73548659757}.Release|x64.Deploy.0 = Win8.1 Release|x64
		{2116A748-3FC8-4494-8F7A-B73548659757}.Win7 Debug|Win32.ActiveCfg = Win7 Debug|Win32
		{2116A748-3FC8-4494-8F7A-B73548659757}.Win7 Debug|Win32.Build.0 = Win7 Debug|Win32
		{2116A748-3FC8-4494-8F7A-B73548659757}.Win7 Debug|Win32.Deploy.0 = Win7 Debug|Win32
		{2116A748-3FC8-4494-8F7A-B73548659757}.Win7 Debug|x64.ActiveCfg = Win7 Debug|x64
		{2116A748-3FC8-4494-8F7A-B73548659757}.Win7 Debug|x64.Build.0 = Win7 Debug|x64
		{2116A748-3FC8-4494-8F7A-B73548659757}.Win7 Debug|x64.Deploy.0 = Win7 Debug|x64
		{2116A748-3FC8-4494-8F7A-B73548659757}.Win7 Release|Win32.ActiveCfg = Win7 Release|Win32
		{2116A748-3FC8-4494-8F7A-B73548659757}.Win7 Release|Win32.Build.0 = Win7 Release|Win32
		{2116A748-3FC8-4494-8F7A-B73548659757}.Win7 Release|Win32.Deploy.0 = Win7 Release|Win32
		{2116A748-3FC8-4494-8F7A-B73548659757}.Win7 Release|x64.ActiveCfg = Win7 Release|x64
		{2116A748-3FC8-4494-8F7A-B73548659757}.Win7 Release|x64.Build.0 = Win7 Release|x64
		{2116A748-3FC8-4494-8F7A-B73548659757}.Win7 Release|x64.Deploy.0 = Win7 Release|x64
		{2116A748-3FC8-4494-8F7A-B73548659757}.Win8 Debug|Win32.ActiveCfg = Win8 Debug|Win32
		{2116A748-3FC8-4494-8F7A-B73548659757}.Win8 Debug|Win32.Build.0 = Win8 Debug|Win32
		{2116A748-3FC8-4494-8F7A-B73548659757}.Win8 Debug|Win32.Deploy.0 = Win8 Debug|Win32
		{2116A748-3FC8-4494-8F7A-B73548659757}.Win8 Debug|x64.ActiveCfg = Win8 Debug|x64
		{2116A748-3FC8-4494-8F7A-B73548659757}.Win8 Debug|x64.Build.0 = Win8 Debug|x64
		{2116A748-3FC8-4494-8F7A-B73548659757}.Win8 Debug|x64.Deploy.0 = Win8 Debug|x64
		{2116A748-3FC8-4494-8F7A-B73548659757}.Win8 Release|Win32.ActiveCfg = Win8 Release|Win32
		{2116A748-3FC8-4494-8F7A-B73548659757}.Win8 Release|Win32.Build.0 = Win8 Release|Win32
		{2116A748-3FC8-4494-8F7A-B73548659757}.Win8 Release|Win32.Deploy.0 = Win8 Release|Win32
		{2116A748-3FC8-4494-8F7A-B73548659757}.Win8 Release|x64.ActiveCfg = Win8 Release|x64
		{2116A748-3FC8-4494-8F7A-B73548659757}.Win8 Release|x64.Build.0 = Win8 Release|x64
		{2116A748-3FC8-4494-8F7A-B73548659757}.Win8 Release|x64.Deploy.0 = Win8 Release|x64
		{2116A748-3FC8-4494-8F7A-B73548659757}.Win8.1 Debug|Win32.ActiveCfg = Win8.1 Debug|Win32
		{2116A748-3FC8-4494-8F7A-B73548659757}.Win8.1 Debug|Win32.Build.0 = Win8.1 Debug|Win32
		{2116A748-3FC8-4494-8F7A-B73548659757}.Win8.1 Debug|Win32.Deploy.0 = Win8.1 Debug|Win32
		{2116A748-3FC8-4494-8F7A-B73548659757}.Win8.1 Debug|x64.ActiveCfg = Win8.1 Debug|x64
		{2116A748-3FC8-4494-8F7A-B73548659757}.Win8.1 Debug|x64.Build.0 = Win8.1 Debug|x64
		{2116A748-3FC8-4494-8F7A-B73548659757}.Win8.1 Debug|x64.Deploy.0 = Win8.1 Debug|x64
		{2116A748-3FC8-4494-8F7A-B73548659757}.Win8.1 Release|Win32.ActiveCfg = Win8.1 Release|Win32
		{2116A748-3FC8-4494-8F7A-B73548659757}.Win8.1 Release|Win32.Build.0 = Win8.1 Release|Win32
		{2116A748-3FC8-4494-8F7A-B73548659757}.Win8.1 Release|Win32.Deploy.0 = Win8.1 Release|Win32
		{2116A748-3FC8-4494-8F7A-B73548659757}.Win8.1 Release|x64.ActiveCfg = Win8.1 Release|x64
		{2116A748-3FC8-4494-8F7A-B73548659757}.Win8.1 Release|x64.Build.0 = Win8.1 Release|x64
		{2116A748-3FC8-4494-8F7A-B73548659757}.Win8.1 Release|x64.Deploy.0 = Win8.1 Release|x64
		{C2B705C7-EFB1-4A49-A8F6-673F603DB8E5}.Debug|Win32.ActiveCfg = Win8.1 Debug|Win32
		{C2B705C7-EFB1-4A49-A8F6-673F603DB8E5}.Debug|Win32.Build.0 = Win8.1 Debug|Win32
		{C2B705C7-EFB1-4A49-A8F6-673F603DB8E5}.Debug|Win32.Deploy.0 = Win8.1 Debug|Win32
		{C2B705C7-EFB1-4A49-A8F6-673F603DB8E5}.Debug|x64.ActiveCfg = Win8.1 Debug|x64
		{C2B705C7-EFB1-4A49-A8F6-673F603DB8E5}.Debug|x64.Build.0 = Win8.1 Debug|x64
		{C2B705C7-EFB1-4A49-A8F6-673F603DB8E5}.Debug|x64.Deploy.0 = Win8.1 Debug|x64
		{C2B705C7-EFB1-4A49-A8F6-673F603DB8E5}.Release|Win32.ActiveCfg = Win8.1 Release|Win32
		{C2B705C7-EFB1-4A49-A8F6-673F603DB8E5}.Release|Win32.Build.0 = Win8.1 Release|Win32
		{C2B705C7-EFB1-4A49-A8F6-673F603DB8E5}.Release|Win32.Deploy.0 = Win8.1 Release|Win32
		{C2B705C7-EFB1-4A49-A8F6-673F603DB8E5}.Release|x64.ActiveCfg = Win8.1 Release|x64
		{C2B705C7-EFB1-4A49-A8F6-673F603DB8E5}.Release|x64.Build.0 = Win8.1 Release|x64
		{C2B705C7-EFB1-4A49-A8F6-673F603DB8E5}.Release|x64.Deploy.0 = Win8.1 Release|x64
		{C2B705C7-EFB1-4A49-A8F6-673F603DB8E5}.Win7 Debug|Win32.ActiveCfg = Win7 Debug|Win32
		{C2B705C7-EFB1-4A49-A8F6-673F603DB8E5}.Win7 Debug|Win32.Build.0 = Win7 Debug|Win32
		{C2B705C7-EFB1-4A49-A8F6-673F603DB8E5}.Win7 Debug|Win32.Deploy.0 = Win7 Debug|Win32
		{C2B705C7-EFB1-4A49-A8F6-673F603DB8E5}.Win7 Debug|x64.ActiveCfg = Win7 Debug|x64
		{C2B705C7-EFB1-4A49-A8F6-673F603DB8E5}.Win7 Debug|x64.Build.0 = Win7 Debug|x64
		{C2B705C7-EFB1-4A49-A8F6-673F603DB8E5}.Win7 Debug|x64.Deploy.0 = Win7 Debug|x64
		{C2B705C7-EFB1-4A49-A8F6-673F603DB8E5}.Win7 Release|Win32.ActiveCfg = Win7 Release|Win32
		{C2B705C7-EFB1-4A49-A8F6-673F603DB8E5}.Win7 Release|Win32.Build.0 = Win7 Release|Win32
		{C2B705C7-EFB1-4A49-A8F6-673F603DB8E5}.Win7 Release|Win32.Deploy.0 = Win7 Release|Win32
		{C2B705C7-EFB1-4A49-A8F6-673F603DB8E5}.Win7 Release|x64.ActiveCfg = Win7 Release|x64
		{C2B705C7-EFB1-4A49-A8F6-673F603DB8E5}.Win7 Release|x64.Build.0 = Win7 Release|x64
		{C2B705C7-EFB1-4A49-A8F6-673F603DB8E5}.Win7 Release|x64.Deploy.0 = Win7 Release|x64
		{C2B705C7-EFB1-4A49-A8F6-673F603DB8E5}.Win8 Debug|Win32.ActiveCfg = Win8 Debug|Win32
		{C2B705C7-EFB1-4A49-A8F6-673F603DB8E5}.Win8 Debug|Win32.Build.0 = Win8 Debug|Win32
		{C2B705C7-EFB1-4A49-A8F6-673F603DB8E5}.Win8 Debug|Win32.Deploy.0 = Win8 Debug|Win32
		{C2B705C7-EFB1-4A49-A8F6-673F603DB8E5}.Win8 Debug|x64.ActiveCfg = Win8 Debug|x64
		{C2B705C7-EFB1-4A49-A8F6-673F603DB8E5}.Win8 Debug|x64.Build.0 = Win8 Debug|x64
		{C2B705C7-EFB1-4A49-A8F6-673F603DB8E5}.Win8 Debug|x64.Deploy.0 = Win8 Debug|x64
		{C2B705C7-EFB1-4A49-A8F6-673F603DB8E5}.Win8 Release|Win32.ActiveCfg = Win8 Release|Win32
		{C2B705C7-EFB1-4A49-A8F6-673F603DB8E5}.Win8 Release|Win32.Build.0 = Win8 Release|Win32
		{C2B705C7-EFB1-4A49-A8F6-673F603DB8E5}.Win8 Release|Win32.Deploy.0 = Win8 Release|Win32
		{C2B705C7-EFB1-4A49-A8F6-673F603DB8E5}.Win8 Release|x64.ActiveCfg = Win8 Release|x64
		{C2B705C7-EFB1-4A49-A8F6-673F603DB8E5}.Win8 Release|x64.Build.0 = Win8 Release|x64
		{C2B705C7-EFB1-4A49-A8F6-673F603DB8E5}.Win8 Release|x64.Deploy.0 = Win8 Release|x64
		{C2B705C7-EFB1-4A49-A8F6-673F603DB8E5}.Win8.1 Debug|Win32.ActiveCfg = Win8.1 Debug|Win32
		{C2B705C7-EFB1-4A49-A8F6-673F603DB8E5}.Win8.1 Debug|Win32.Build.0 = Win8.1 Debug|Win32
		{C2B705C7-EFB1-4A49-A8F6-673F603DB8E5}.Win8.1 Debug|Win32.Deploy.0 = Win8.1 Debug|Win32
		{C2B705C7-EFB1-4A49-A8F6-673F603DB8E5}.Win8.1 Debug|x64.ActiveCfg = Win8.1 Debug|x64
		{C2B705C7-EFB1-4A49-A8F6-673F603DB8E5}.Win8.1 Debug|x64.Build.0 = Win8.1 Debug|x64
		{C2B705C7-EFB1-4A49-A8F6-673F603DB8E5}.Win8.1 Debug|x64.Deploy.0 = Win8.1 Debug|x64
		{C2B705C7-EFB1-4A49-A8F6-673F603DB8E5}.Win8.1 Release|Win32.ActiveCfg = Win8.1 Release|Win32
		{C2B705C7-EFB1-4A49-A8F6-673F603DB8E5}.Win8.1 Release|Win32.Build.0 = Win8.1 Release|Win32
		{C2B705C7-EFB1-4A49-A8F6-673F603DB8E5}.Win8.1 Release|Win32.Deploy.0 = Win8.1 Release|Win32
		{C2B705C7-EFB1-4A49-A8F6-673F603DB8E5}.Win8.1 Release|x64.ActiveCfg = Win8.1 Release|x64
		{C2B705C7-EFB1-4A49-A8F6-673F603DB8E5}.Win8.1 Release|x64.Build.0 = Win8.1 Release|x64
		{C2B705C7-EFB1-4A49-A8F6-673F603DB8E5}.Win8.1 Release|x64.Deploy.0 = Win8.1 Release|x64
		{C9CEF43B-C5D9-4D29-BFC3-F61CD0CC3F71}.Debug|Win32.ActiveCfg = Debug|Win32
		{C9CEF43B-C5D9-4D29-BFC3-F61CD0CC3F71}.Debug|Win32.Build.0 = Debug|Win32
		{C9CEF43B-C5D9-4D29-BFC3-F61CD0CC3F71}.Debug|Win32.Deploy.0 = Debug|Win32
		{C9CEF43B-C5D9-4D29-BFC3-F61CD0CC3F71}.Debug|x64.ActiveCfg = Debug|Win32
		{C9CEF43B-C5D9-4D29-BFC3-F61CD0CC3F71}.Release|Win32.ActiveCfg = Release|Win32
		{C9CEF43B-C5D9-4D29-BFC3-F61CD0CC3F71}.Release|Win32.Build.0 = Release|Win32
		{C9CEF43B-C5D9-4D29-BFC3-F61CD0CC3F71}.Release|Win32.Deploy.0 = Release|Win32
		{C9CEF43B-C5D9-4D29-BFC3-F61CD0CC3F71}.Release|x64.ActiveCfg = Release|Win32
		{C9CEF43B-C5D9-4D29-BFC3-F61CD0CC3F71}.Win7 Debug|Win32.ActiveCfg = Debug|Win32
		{C9CEF43B-C5D9-4D29-BFC3-F61CD0CC3F71}.Win7 Debug|Win32.Build.0 = Debug|Win32
		{C9CEF43B-C5D9-4D29-BFC3-F61CD0CC3F71}.Win7 Debug|Win32.Deploy.0 = Debug|Win32
		{C9CEF43B-C5D9-4D29-BFC3-F61CD0CC3F71}.Win7 Debug|x64.ActiveCfg = Debug|Win32
		{C9CEF43B-C5D9-4D29-BFC3-F61CD0CC3F71}.Win7 Release|Win32.ActiveCfg = Release|Win32
		{C9CEF43B-C5D9-4D29-BFC3-F61CD0CC3F71}.Win7 Release|Win32.Build.0 = Release|Win32
		{C9CEF43B-C5D9-4D29-BFC3-F61CD0CC3F71}.Win7 Release|Win32.Deploy.0 = Release|Win32
		{C9CEF43B-C5D9-4D29-BFC3-F61CD0CC3F71}.Win7 Release|x64.ActiveCfg = Release|Win32
		{C9CEF43B-C5D9-4D29-BFC3-F61CD0CC3F71}.Win8 Debug|Win32.ActiveCfg = Debug|Win32
		{C9CEF43B-C5D9-4D29-BFC3-F61CD0CC3F71}.Win8 Debug|Win32.Build.0 = Debug|Win32
		{C9CEF43B-C5D9-4D29-BFC3-F61CD0CC3F71}.Win8 Debug|Win32.Deploy.0 = Debug|Win32
		{C9CEF43B-C5D9-4D29-BFC3-F61CD0CC3F71}.Win8 Debug|x64.ActiveCfg = Debug|Win32
		{C9CEF43B-C5D9-4D29-BFC3-F61CD0CC3F71}.Win8 Release|Win32.ActiveCfg = Release|Win32
		{C9CEF43B-C5D9-4D29-BFC3-F61CD0CC3F71}.Win8 Release|Win32.Build.0 = Release|Win32
		{C9CEF43B-C5D9-4D29-BFC3-F61CD0CC3F71}.Win8 Release|Win32.Deploy.0 = Release|Win32
		{C9CEF43B-C5D9-4D29-BFC3-F61CD0CC3F71}.Win8 Release|x64.ActiveCfg = Release|Win32
		{C9CEF43B-C5D9-4D29-BFC3-F61CD0CC3F71}.Win8.1 Debug|Win32.ActiveCfg = Debug|Win32
		{C9CEF43B-C5D9-4D29-BFC3-F61CD0CC3F71}.Win8.1 Debug|Win32.Build.0 = Debug|Win32
		{C9CEF43B-C5D9-4D29-BFC3-F61CD0CC3F71}.Win8.1 Debug|Win32.Deploy.0 = Debug|Win32
		{C9CEF43B-C5D9-4D29-BFC3-F61CD0CC3F71}.Win8.1 Debug|x64.ActiveCfg = Debug|Win32
		{C9CEF43B-C5D9-4D29-BFC3-F61CD0CC3F71}.Win8.1 Release|Win32.ActiveCfg = Release|Win32
		{C9CEF43B-C5D9-4D29-BFC3-F61CD0CC3F71}.Win8.1 Release|Win32.Build.0 = Release|Win32
		{C9CEF43B-C5D9-4D29-BFC3-F61CD0CC3F71}.Win8.1 Release|Win32.Deploy.0 = Release|Win32
		{C9CEF43B-C5D9-4D29-BFC3-F61CD0CC3F71}.Win8.1 Release|x64.ActiveCfg = Release|Win32
	EndGlobalSection
	GlobalSection(SolutionProperties) = preSolution
		HideSolutionNode = FALSE
	EndGlobalSection
EndGlobal
